// !$*UTF8*$!
{
	archiveVersion = 1;
	classes = {
	};
	objectVersion = 50;
	objects = {

/* Begin PBXBuildFile section */
		881216802386F3620091B5C4 /* AppDelegate.swift in Sources */ = {isa = PBXBuildFile; fileRef = 8812167F2386F3620091B5C4 /* AppDelegate.swift */; };
		8812168A2386F3630091B5C4 /* LaunchScreen.storyboard in Resources */ = {isa = PBXBuildFile; fileRef = 881216882386F3630091B5C4 /* LaunchScreen.storyboard */; };
		881216F72386FDFA0091B5C4 /* CoreAssembly.swift in Sources */ = {isa = PBXBuildFile; fileRef = 881216C12386FDF90091B5C4 /* CoreAssembly.swift */; };
		881216F92386FDFA0091B5C4 /* CoreDataStack.swift in Sources */ = {isa = PBXBuildFile; fileRef = 881216C42386FDF90091B5C4 /* CoreDataStack.swift */; };
		881216FA2386FDFA0091B5C4 /* Networking.swift in Sources */ = {isa = PBXBuildFile; fileRef = 881216C52386FDF90091B5C4 /* Networking.swift */; };
		881216FB2386FDFA0091B5C4 /* MachineLearning.swift in Sources */ = {isa = PBXBuildFile; fileRef = 881216C62386FDF90091B5C4 /* MachineLearning.swift */; };
		881216FD2386FDFA0091B5C4 /* Router.swift in Sources */ = {isa = PBXBuildFile; fileRef = 881216C92386FDF90091B5C4 /* Router.swift */; };
		881216FE2386FDFA0091B5C4 /* SettingsInteractor.swift in Sources */ = {isa = PBXBuildFile; fileRef = 881216CC2386FDF90091B5C4 /* SettingsInteractor.swift */; };
		881216FF2386FDFA0091B5C4 /* SettingsPresenter.swift in Sources */ = {isa = PBXBuildFile; fileRef = 881216CD2386FDF90091B5C4 /* SettingsPresenter.swift */; };
		881217012386FDFA0091B5C4 /* SettingsView.swift in Sources */ = {isa = PBXBuildFile; fileRef = 881216CF2386FDF90091B5C4 /* SettingsView.swift */; };
		881217022386FDFA0091B5C4 /* RecordsPresenter.swift in Sources */ = {isa = PBXBuildFile; fileRef = 881216D12386FDF90091B5C4 /* RecordsPresenter.swift */; };
		881217042386FDFA0091B5C4 /* RecordsInteractor.swift in Sources */ = {isa = PBXBuildFile; fileRef = 881216D32386FDF90091B5C4 /* RecordsInteractor.swift */; };
		881217052386FDFA0091B5C4 /* RecordsView.swift in Sources */ = {isa = PBXBuildFile; fileRef = 881216D42386FDF90091B5C4 /* RecordsView.swift */; };
		881217072386FDFA0091B5C4 /* PresentationAssembly.swift in Sources */ = {isa = PBXBuildFile; fileRef = 881216D72386FDF90091B5C4 /* PresentationAssembly.swift */; };
		881217092386FDFA0091B5C4 /* StartView.swift in Sources */ = {isa = PBXBuildFile; fileRef = 881216DA2386FDF90091B5C4 /* StartView.swift */; };
		8812170A2386FDFA0091B5C4 /* StartPresenter.swift in Sources */ = {isa = PBXBuildFile; fileRef = 881216DB2386FDF90091B5C4 /* StartPresenter.swift */; };
		8812170B2386FDFA0091B5C4 /* StartInteractor.swift in Sources */ = {isa = PBXBuildFile; fileRef = 881216DC2386FDF90091B5C4 /* StartInteractor.swift */; };
		8812170C2386FDFA0091B5C4 /* ReservedView.swift in Sources */ = {isa = PBXBuildFile; fileRef = 881216DE2386FDF90091B5C4 /* ReservedView.swift */; };
		8812170D2386FDFA0091B5C4 /* ReservedInteractor.swift in Sources */ = {isa = PBXBuildFile; fileRef = 881216DF2386FDF90091B5C4 /* ReservedInteractor.swift */; };
		8812170F2386FDFA0091B5C4 /* ReservedPresenter.swift in Sources */ = {isa = PBXBuildFile; fileRef = 881216E12386FDF90091B5C4 /* ReservedPresenter.swift */; };
		881217102386FDFA0091B5C4 /* AboutInteractor.swift in Sources */ = {isa = PBXBuildFile; fileRef = 881216E32386FDF90091B5C4 /* AboutInteractor.swift */; };
		881217112386FDFA0091B5C4 /* AboutPresenter.swift in Sources */ = {isa = PBXBuildFile; fileRef = 881216E42386FDF90091B5C4 /* AboutPresenter.swift */; };
		881217132386FDFA0091B5C4 /* AboutView.swift in Sources */ = {isa = PBXBuildFile; fileRef = 881216E62386FDF90091B5C4 /* AboutView.swift */; };
		881217142386FDFA0091B5C4 /* PlayPresenter.swift in Sources */ = {isa = PBXBuildFile; fileRef = 881216E82386FDF90091B5C4 /* PlayPresenter.swift */; };
		881217162386FDFA0091B5C4 /* PlayInteractor.swift in Sources */ = {isa = PBXBuildFile; fileRef = 881216EA2386FDF90091B5C4 /* PlayInteractor.swift */; };
		881217172386FDFA0091B5C4 /* PlayView.swift in Sources */ = {isa = PBXBuildFile; fileRef = 881216EB2386FDF90091B5C4 /* PlayView.swift */; };
		881217182386FDFA0091B5C4 /* RootAssembly.swift in Sources */ = {isa = PBXBuildFile; fileRef = 881216EC2386FDFA0091B5C4 /* RootAssembly.swift */; };
		881217192386FDFA0091B5C4 /* ServicesAssembly.swift in Sources */ = {isa = PBXBuildFile; fileRef = 881216EF2386FDFA0091B5C4 /* ServicesAssembly.swift */; };
		8812171B2386FDFA0091B5C4 /* ImageProvider.swift in Sources */ = {isa = PBXBuildFile; fileRef = 881216F22386FDFA0091B5C4 /* ImageProvider.swift */; };
		8812171D2386FDFA0091B5C4 /* ImageClassificator.swift in Sources */ = {isa = PBXBuildFile; fileRef = 881216F42386FDFA0091B5C4 /* ImageClassificator.swift */; };
		8812171E2386FDFA0091B5C4 /* WordsProvider.swift in Sources */ = {isa = PBXBuildFile; fileRef = 881216F52386FDFA0091B5C4 /* WordsProvider.swift */; };
		881C8CBD238E8DBF00A6E8DE /* AliasTableViewController.swift in Sources */ = {isa = PBXBuildFile; fileRef = 881C8CBC238E8DBF00A6E8DE /* AliasTableViewController.swift */; };
		881C8CC3238E98DA00A6E8DE /* AliasLightNavigationController.swift in Sources */ = {isa = PBXBuildFile; fileRef = 881C8CC2238E98DA00A6E8DE /* AliasLightNavigationController.swift */; };
		881C8CC5238EDA2E00A6E8DE /* AliasDarkViewController.swift in Sources */ = {isa = PBXBuildFile; fileRef = 881C8CC4238EDA2E00A6E8DE /* AliasDarkViewController.swift */; };
		881C8CCC238EFDB400A6E8DE /* LightStatusBarViewController.swift in Sources */ = {isa = PBXBuildFile; fileRef = 881C8CCB238EFDB400A6E8DE /* LightStatusBarViewController.swift */; };
		881C8CD0238F030600A6E8DE /* AliasTransitionSupport.swift in Sources */ = {isa = PBXBuildFile; fileRef = 881C8CCF238F030600A6E8DE /* AliasTransitionSupport.swift */; };
		881C8CD2238FBE0000A6E8DE /* AliasDarkNavigationController.swift in Sources */ = {isa = PBXBuildFile; fileRef = 881C8CD1238FBE0000A6E8DE /* AliasDarkNavigationController.swift */; };
		881C8CD4238FC0BF00A6E8DE /* AliasLightViewController.swift in Sources */ = {isa = PBXBuildFile; fileRef = 881C8CD3238FC0BF00A6E8DE /* AliasLightViewController.swift */; };
		881C8CD8238FE82800A6E8DE /* RecordCell.swift in Sources */ = {isa = PBXBuildFile; fileRef = 881C8CD7238FE82800A6E8DE /* RecordCell.swift */; };
		881C8CDB23902D0D00A6E8DE /* GameModesTableCell.swift in Sources */ = {isa = PBXBuildFile; fileRef = 881C8CDA23902D0D00A6E8DE /* GameModesTableCell.swift */; };
		881C8CDD23902E4B00A6E8DE /* GameModeCollectionCell.swift in Sources */ = {isa = PBXBuildFile; fileRef = 881C8CDC23902E4B00A6E8DE /* GameModeCollectionCell.swift */; };
		881C8CDF23903CD700A6E8DE /* RandomColor.swift in Sources */ = {isa = PBXBuildFile; fileRef = 881C8CDE23903CD700A6E8DE /* RandomColor.swift */; };
		881C8CE1239041F000A6E8DE /* GameModes.xcassets in Resources */ = {isa = PBXBuildFile; fileRef = 881C8CE0239041F000A6E8DE /* GameModes.xcassets */; };
		8827206B238DA561002E8648 /* GameDataSaver.swift in Sources */ = {isa = PBXBuildFile; fileRef = 8827206A238DA560002E8648 /* GameDataSaver.swift */; };
		8827206D238DA5AA002E8648 /* GameDataProvider.swift in Sources */ = {isa = PBXBuildFile; fileRef = 8827206C238DA5AA002E8648 /* GameDataProvider.swift */; };
		88272070238DA9F8002E8648 /* Entity.swift in Sources */ = {isa = PBXBuildFile; fileRef = 8827206F238DA9F8002E8648 /* Entity.swift */; };
		88E36F412391594200F8F8F3 /* SafeTranslaterTests.swift in Sources */ = {isa = PBXBuildFile; fileRef = 88E36F402391594200F8F8F3 /* SafeTranslaterTests.swift */; };
		88E36F442391607D00F8F8F3 /* SafeTranslater.swift in Sources */ = {isa = PBXBuildFile; fileRef = 88E36F432391607D00F8F8F3 /* SafeTranslater.swift */; };
		88E36F46239165C200F8F8F3 /* RandomWordAPI.swift in Sources */ = {isa = PBXBuildFile; fileRef = 88E36F45239165C200F8F8F3 /* RandomWordAPI.swift */; };
		88E36F4923917B8F00F8F8F3 /* StringHelper.swift in Sources */ = {isa = PBXBuildFile; fileRef = 88E36F4823917B8F00F8F8F3 /* StringHelper.swift */; };
		88E36F4B23917D0C00F8F8F3 /* ArrayHelper.swift in Sources */ = {isa = PBXBuildFile; fileRef = 88E36F4A23917D0C00F8F8F3 /* ArrayHelper.swift */; };
/* End PBXBuildFile section */

/* Begin PBXContainerItemProxy section */
		881216912386F3630091B5C4 /* PBXContainerItemProxy */ = {
			isa = PBXContainerItemProxy;
			containerPortal = 881216742386F3620091B5C4 /* Project object */;
			proxyType = 1;
			remoteGlobalIDString = 8812167B2386F3620091B5C4;
			remoteInfo = AliasGame;
		};
/* End PBXContainerItemProxy section */

/* Begin PBXFileReference section */
		8812167C2386F3620091B5C4 /* AliasGame.app */ = {isa = PBXFileReference; explicitFileType = wrapper.application; includeInIndex = 0; path = AliasGame.app; sourceTree = BUILT_PRODUCTS_DIR; };
		8812167F2386F3620091B5C4 /* AppDelegate.swift */ = {isa = PBXFileReference; lastKnownFileType = sourcecode.swift; path = AppDelegate.swift; sourceTree = "<group>"; };
		881216892386F3630091B5C4 /* Base */ = {isa = PBXFileReference; lastKnownFileType = file.storyboard; name = Base; path = Base.lproj/LaunchScreen.storyboard; sourceTree = "<group>"; };
		8812168B2386F3630091B5C4 /* Info.plist */ = {isa = PBXFileReference; lastKnownFileType = text.plist.xml; path = Info.plist; sourceTree = "<group>"; };
		881216902386F3630091B5C4 /* AliasGameTests.xctest */ = {isa = PBXFileReference; explicitFileType = wrapper.cfbundle; includeInIndex = 0; path = AliasGameTests.xctest; sourceTree = BUILT_PRODUCTS_DIR; };
		881216962386F3630091B5C4 /* Info.plist */ = {isa = PBXFileReference; lastKnownFileType = text.plist.xml; path = Info.plist; sourceTree = "<group>"; };
		881216C12386FDF90091B5C4 /* CoreAssembly.swift */ = {isa = PBXFileReference; fileEncoding = 4; lastKnownFileType = sourcecode.swift; path = CoreAssembly.swift; sourceTree = "<group>"; };
		881216C42386FDF90091B5C4 /* CoreDataStack.swift */ = {isa = PBXFileReference; fileEncoding = 4; lastKnownFileType = sourcecode.swift; path = CoreDataStack.swift; sourceTree = "<group>"; };
		881216C52386FDF90091B5C4 /* Networking.swift */ = {isa = PBXFileReference; fileEncoding = 4; lastKnownFileType = sourcecode.swift; path = Networking.swift; sourceTree = "<group>"; };
		881216C62386FDF90091B5C4 /* MachineLearning.swift */ = {isa = PBXFileReference; fileEncoding = 4; lastKnownFileType = sourcecode.swift; path = MachineLearning.swift; sourceTree = "<group>"; };
		881216C92386FDF90091B5C4 /* Router.swift */ = {isa = PBXFileReference; fileEncoding = 4; lastKnownFileType = sourcecode.swift; path = Router.swift; sourceTree = "<group>"; };
		881216CC2386FDF90091B5C4 /* SettingsInteractor.swift */ = {isa = PBXFileReference; fileEncoding = 4; lastKnownFileType = sourcecode.swift; path = SettingsInteractor.swift; sourceTree = "<group>"; };
		881216CD2386FDF90091B5C4 /* SettingsPresenter.swift */ = {isa = PBXFileReference; fileEncoding = 4; lastKnownFileType = sourcecode.swift; path = SettingsPresenter.swift; sourceTree = "<group>"; };
		881216CF2386FDF90091B5C4 /* SettingsView.swift */ = {isa = PBXFileReference; fileEncoding = 4; lastKnownFileType = sourcecode.swift; path = SettingsView.swift; sourceTree = "<group>"; };
		881216D12386FDF90091B5C4 /* RecordsPresenter.swift */ = {isa = PBXFileReference; fileEncoding = 4; lastKnownFileType = sourcecode.swift; path = RecordsPresenter.swift; sourceTree = "<group>"; };
		881216D32386FDF90091B5C4 /* RecordsInteractor.swift */ = {isa = PBXFileReference; fileEncoding = 4; lastKnownFileType = sourcecode.swift; path = RecordsInteractor.swift; sourceTree = "<group>"; };
		881216D42386FDF90091B5C4 /* RecordsView.swift */ = {isa = PBXFileReference; fileEncoding = 4; lastKnownFileType = sourcecode.swift; path = RecordsView.swift; sourceTree = "<group>"; };
		881216D72386FDF90091B5C4 /* PresentationAssembly.swift */ = {isa = PBXFileReference; fileEncoding = 4; lastKnownFileType = sourcecode.swift; path = PresentationAssembly.swift; sourceTree = "<group>"; };
		881216DA2386FDF90091B5C4 /* StartView.swift */ = {isa = PBXFileReference; fileEncoding = 4; lastKnownFileType = sourcecode.swift; path = StartView.swift; sourceTree = "<group>"; };
		881216DB2386FDF90091B5C4 /* StartPresenter.swift */ = {isa = PBXFileReference; fileEncoding = 4; lastKnownFileType = sourcecode.swift; path = StartPresenter.swift; sourceTree = "<group>"; };
		881216DC2386FDF90091B5C4 /* StartInteractor.swift */ = {isa = PBXFileReference; fileEncoding = 4; lastKnownFileType = sourcecode.swift; path = StartInteractor.swift; sourceTree = "<group>"; };
		881216DE2386FDF90091B5C4 /* ReservedView.swift */ = {isa = PBXFileReference; fileEncoding = 4; lastKnownFileType = sourcecode.swift; path = ReservedView.swift; sourceTree = "<group>"; };
		881216DF2386FDF90091B5C4 /* ReservedInteractor.swift */ = {isa = PBXFileReference; fileEncoding = 4; lastKnownFileType = sourcecode.swift; path = ReservedInteractor.swift; sourceTree = "<group>"; };
		881216E12386FDF90091B5C4 /* ReservedPresenter.swift */ = {isa = PBXFileReference; fileEncoding = 4; lastKnownFileType = sourcecode.swift; path = ReservedPresenter.swift; sourceTree = "<group>"; };
		881216E32386FDF90091B5C4 /* AboutInteractor.swift */ = {isa = PBXFileReference; fileEncoding = 4; lastKnownFileType = sourcecode.swift; path = AboutInteractor.swift; sourceTree = "<group>"; };
		881216E42386FDF90091B5C4 /* AboutPresenter.swift */ = {isa = PBXFileReference; fileEncoding = 4; lastKnownFileType = sourcecode.swift; path = AboutPresenter.swift; sourceTree = "<group>"; };
		881216E62386FDF90091B5C4 /* AboutView.swift */ = {isa = PBXFileReference; fileEncoding = 4; lastKnownFileType = sourcecode.swift; path = AboutView.swift; sourceTree = "<group>"; };
		881216E82386FDF90091B5C4 /* PlayPresenter.swift */ = {isa = PBXFileReference; fileEncoding = 4; lastKnownFileType = sourcecode.swift; path = PlayPresenter.swift; sourceTree = "<group>"; };
		881216EA2386FDF90091B5C4 /* PlayInteractor.swift */ = {isa = PBXFileReference; fileEncoding = 4; lastKnownFileType = sourcecode.swift; path = PlayInteractor.swift; sourceTree = "<group>"; };
		881216EB2386FDF90091B5C4 /* PlayView.swift */ = {isa = PBXFileReference; fileEncoding = 4; lastKnownFileType = sourcecode.swift; path = PlayView.swift; sourceTree = "<group>"; };
		881216EC2386FDFA0091B5C4 /* RootAssembly.swift */ = {isa = PBXFileReference; fileEncoding = 4; lastKnownFileType = sourcecode.swift; path = RootAssembly.swift; sourceTree = "<group>"; };
		881216EF2386FDFA0091B5C4 /* ServicesAssembly.swift */ = {isa = PBXFileReference; fileEncoding = 4; lastKnownFileType = sourcecode.swift; path = ServicesAssembly.swift; sourceTree = "<group>"; };
		881216F22386FDFA0091B5C4 /* ImageProvider.swift */ = {isa = PBXFileReference; fileEncoding = 4; lastKnownFileType = sourcecode.swift; path = ImageProvider.swift; sourceTree = "<group>"; };
		881216F42386FDFA0091B5C4 /* ImageClassificator.swift */ = {isa = PBXFileReference; fileEncoding = 4; lastKnownFileType = sourcecode.swift; path = ImageClassificator.swift; sourceTree = "<group>"; };
		881216F52386FDFA0091B5C4 /* WordsProvider.swift */ = {isa = PBXFileReference; fileEncoding = 4; lastKnownFileType = sourcecode.swift; path = WordsProvider.swift; sourceTree = "<group>"; };
		881C8CBC238E8DBF00A6E8DE /* AliasTableViewController.swift */ = {isa = PBXFileReference; lastKnownFileType = sourcecode.swift; path = AliasTableViewController.swift; sourceTree = "<group>"; };
		881C8CC2238E98DA00A6E8DE /* AliasLightNavigationController.swift */ = {isa = PBXFileReference; lastKnownFileType = sourcecode.swift; path = AliasLightNavigationController.swift; sourceTree = "<group>"; };
		881C8CC4238EDA2E00A6E8DE /* AliasDarkViewController.swift */ = {isa = PBXFileReference; lastKnownFileType = sourcecode.swift; path = AliasDarkViewController.swift; sourceTree = "<group>"; };
		881C8CCB238EFDB400A6E8DE /* LightStatusBarViewController.swift */ = {isa = PBXFileReference; lastKnownFileType = sourcecode.swift; path = LightStatusBarViewController.swift; sourceTree = "<group>"; };
		881C8CCF238F030600A6E8DE /* AliasTransitionSupport.swift */ = {isa = PBXFileReference; lastKnownFileType = sourcecode.swift; path = AliasTransitionSupport.swift; sourceTree = "<group>"; };
		881C8CD1238FBE0000A6E8DE /* AliasDarkNavigationController.swift */ = {isa = PBXFileReference; lastKnownFileType = sourcecode.swift; path = AliasDarkNavigationController.swift; sourceTree = "<group>"; };
		881C8CD3238FC0BF00A6E8DE /* AliasLightViewController.swift */ = {isa = PBXFileReference; lastKnownFileType = sourcecode.swift; path = AliasLightViewController.swift; sourceTree = "<group>"; };
		881C8CD7238FE82800A6E8DE /* RecordCell.swift */ = {isa = PBXFileReference; lastKnownFileType = sourcecode.swift; path = RecordCell.swift; sourceTree = "<group>"; };
		881C8CDA23902D0D00A6E8DE /* GameModesTableCell.swift */ = {isa = PBXFileReference; lastKnownFileType = sourcecode.swift; path = GameModesTableCell.swift; sourceTree = "<group>"; };
		881C8CDC23902E4B00A6E8DE /* GameModeCollectionCell.swift */ = {isa = PBXFileReference; lastKnownFileType = sourcecode.swift; path = GameModeCollectionCell.swift; sourceTree = "<group>"; };
		881C8CDE23903CD700A6E8DE /* RandomColor.swift */ = {isa = PBXFileReference; lastKnownFileType = sourcecode.swift; path = RandomColor.swift; sourceTree = "<group>"; };
		881C8CE0239041F000A6E8DE /* GameModes.xcassets */ = {isa = PBXFileReference; lastKnownFileType = folder.assetcatalog; path = GameModes.xcassets; sourceTree = "<group>"; };
		8827206A238DA560002E8648 /* GameDataSaver.swift */ = {isa = PBXFileReference; lastKnownFileType = sourcecode.swift; path = GameDataSaver.swift; sourceTree = "<group>"; };
		8827206C238DA5AA002E8648 /* GameDataProvider.swift */ = {isa = PBXFileReference; lastKnownFileType = sourcecode.swift; path = GameDataProvider.swift; sourceTree = "<group>"; };
		8827206F238DA9F8002E8648 /* Entity.swift */ = {isa = PBXFileReference; lastKnownFileType = sourcecode.swift; path = Entity.swift; sourceTree = "<group>"; };
		88E36F402391594200F8F8F3 /* SafeTranslaterTests.swift */ = {isa = PBXFileReference; lastKnownFileType = sourcecode.swift; path = SafeTranslaterTests.swift; sourceTree = "<group>"; };
		88E36F432391607D00F8F8F3 /* SafeTranslater.swift */ = {isa = PBXFileReference; fileEncoding = 4; lastKnownFileType = sourcecode.swift; path = SafeTranslater.swift; sourceTree = "<group>"; };
		88E36F45239165C200F8F8F3 /* RandomWordAPI.swift */ = {isa = PBXFileReference; lastKnownFileType = sourcecode.swift; path = RandomWordAPI.swift; sourceTree = "<group>"; };
		88E36F4823917B8F00F8F8F3 /* StringHelper.swift */ = {isa = PBXFileReference; lastKnownFileType = sourcecode.swift; path = StringHelper.swift; sourceTree = "<group>"; };
		88E36F4A23917D0C00F8F8F3 /* ArrayHelper.swift */ = {isa = PBXFileReference; lastKnownFileType = sourcecode.swift; path = ArrayHelper.swift; sourceTree = "<group>"; };
/* End PBXFileReference section */

/* Begin PBXFrameworksBuildPhase section */
		881216792386F3620091B5C4 /* Frameworks */ = {
			isa = PBXFrameworksBuildPhase;
			buildActionMask = 2147483647;
			files = (
			);
			runOnlyForDeploymentPostprocessing = 0;
		};
		8812168D2386F3630091B5C4 /* Frameworks */ = {
			isa = PBXFrameworksBuildPhase;
			buildActionMask = 2147483647;
			files = (
			);
			runOnlyForDeploymentPostprocessing = 0;
		};
/* End PBXFrameworksBuildPhase section */

/* Begin PBXGroup section */
		881216732386F3620091B5C4 = {
			isa = PBXGroup;
			children = (
				8812167E2386F3620091B5C4 /* AliasGame */,
				881216932386F3630091B5C4 /* AliasGameTests */,
				8812167D2386F3620091B5C4 /* Products */,
			);
			sourceTree = "<group>";
		};
		8812167D2386F3620091B5C4 /* Products */ = {
			isa = PBXGroup;
			children = (
				8812167C2386F3620091B5C4 /* AliasGame.app */,
				881216902386F3630091B5C4 /* AliasGameTests.xctest */,
			);
			name = Products;
			sourceTree = "<group>";
		};
		8812167E2386F3620091B5C4 /* AliasGame */ = {
			isa = PBXGroup;
			children = (
				8812167F2386F3620091B5C4 /* AppDelegate.swift */,
				88272071238DAAC9002E8648 /* Assembly */,
				881216CA2386FDF90091B5C4 /* Presentation Layer */,
				881216ED2386FDFA0091B5C4 /* Services Layer */,
				881216BF2386FDF90091B5C4 /* Core Layer */,
				881216BD2386FDA10091B5C4 /* Supporting Files */,
			);
			path = AliasGame;
			sourceTree = "<group>";
		};
		881216932386F3630091B5C4 /* AliasGameTests */ = {
			isa = PBXGroup;
			children = (
				88E36F402391594200F8F8F3 /* SafeTranslaterTests.swift */,
				881216962386F3630091B5C4 /* Info.plist */,
			);
			path = AliasGameTests;
			sourceTree = "<group>";
		};
		881216BD2386FDA10091B5C4 /* Supporting Files */ = {
			isa = PBXGroup;
			children = (
				881216882386F3630091B5C4 /* LaunchScreen.storyboard */,
				8812168B2386F3630091B5C4 /* Info.plist */,
			);
			path = "Supporting Files";
			sourceTree = "<group>";
		};
		881216BF2386FDF90091B5C4 /* Core Layer */ = {
			isa = PBXGroup;
			children = (
				88E36F47239165C900F8F8F3 /* API */,
				881216C42386FDF90091B5C4 /* CoreDataStack.swift */,
				881216C52386FDF90091B5C4 /* Networking.swift */,
				881216C62386FDF90091B5C4 /* MachineLearning.swift */,
			);
			path = "Core Layer";
			sourceTree = "<group>";
		};
		881216CA2386FDF90091B5C4 /* Presentation Layer */ = {
			isa = PBXGroup;
			children = (
				881C8CCA238EE13800A6E8DE /* AliasUI */,
				8827206F238DA9F8002E8648 /* Entity.swift */,
				881216C92386FDF90091B5C4 /* Router.swift */,
				881216D82386FDF90091B5C4 /* Start Module */,
				881216E72386FDF90091B5C4 /* Play Module */,
				881216D02386FDF90091B5C4 /* Records Module */,
				881216CB2386FDF90091B5C4 /* Settings Module */,
				881216E22386FDF90091B5C4 /* About Module */,
				881216DD2386FDF90091B5C4 /* Reserved Module */,
			);
			path = "Presentation Layer";
			sourceTree = "<group>";
		};
		881216CB2386FDF90091B5C4 /* Settings Module */ = {
			isa = PBXGroup;
			children = (
				881216CF2386FDF90091B5C4 /* SettingsView.swift */,
				881216CD2386FDF90091B5C4 /* SettingsPresenter.swift */,
				881216CC2386FDF90091B5C4 /* SettingsInteractor.swift */,
			);
			path = "Settings Module";
			sourceTree = "<group>";
		};
		881216D02386FDF90091B5C4 /* Records Module */ = {
			isa = PBXGroup;
			children = (
				881C8CD9238FF37000A6E8DE /* Custom Elements */,
				881216D42386FDF90091B5C4 /* RecordsView.swift */,
				881216D12386FDF90091B5C4 /* RecordsPresenter.swift */,
				881216D32386FDF90091B5C4 /* RecordsInteractor.swift */,
			);
			path = "Records Module";
			sourceTree = "<group>";
		};
		881216D82386FDF90091B5C4 /* Start Module */ = {
			isa = PBXGroup;
			children = (
				881C8CE22390454700A6E8DE /* Custom Elements */,
				881216DA2386FDF90091B5C4 /* StartView.swift */,
				881216DB2386FDF90091B5C4 /* StartPresenter.swift */,
				881216DC2386FDF90091B5C4 /* StartInteractor.swift */,
			);
			path = "Start Module";
			sourceTree = "<group>";
		};
		881216DD2386FDF90091B5C4 /* Reserved Module */ = {
			isa = PBXGroup;
			children = (
				881216DE2386FDF90091B5C4 /* ReservedView.swift */,
				881216E12386FDF90091B5C4 /* ReservedPresenter.swift */,
				881216DF2386FDF90091B5C4 /* ReservedInteractor.swift */,
			);
			path = "Reserved Module";
			sourceTree = "<group>";
		};
		881216E22386FDF90091B5C4 /* About Module */ = {
			isa = PBXGroup;
			children = (
				881216E62386FDF90091B5C4 /* AboutView.swift */,
				881216E42386FDF90091B5C4 /* AboutPresenter.swift */,
				881216E32386FDF90091B5C4 /* AboutInteractor.swift */,
			);
			path = "About Module";
			sourceTree = "<group>";
		};
		881216E72386FDF90091B5C4 /* Play Module */ = {
			isa = PBXGroup;
			children = (
				88E36F4D23917EBC00F8F8F3 /* Helpers */,
				881216EB2386FDF90091B5C4 /* PlayView.swift */,
				881216E82386FDF90091B5C4 /* PlayPresenter.swift */,
				881216EA2386FDF90091B5C4 /* PlayInteractor.swift */,
			);
			path = "Play Module";
			sourceTree = "<group>";
		};
		881216ED2386FDFA0091B5C4 /* Services Layer */ = {
			isa = PBXGroup;
			children = (
				88E36F4C23917EAF00F8F8F3 /* Helpers */,
				881216F22386FDFA0091B5C4 /* ImageProvider.swift */,
				8827206A238DA560002E8648 /* GameDataSaver.swift */,
				8827206C238DA5AA002E8648 /* GameDataProvider.swift */,
				88E36F432391607D00F8F8F3 /* SafeTranslater.swift */,
				881216F42386FDFA0091B5C4 /* ImageClassificator.swift */,
				881216F52386FDFA0091B5C4 /* WordsProvider.swift */,
			);
			path = "Services Layer";
			sourceTree = "<group>";
		};
		881C8CCA238EE13800A6E8DE /* AliasUI */ = {
			isa = PBXGroup;
			children = (
				881C8CBC238E8DBF00A6E8DE /* AliasTableViewController.swift */,
				881C8CC4238EDA2E00A6E8DE /* AliasDarkViewController.swift */,
				881C8CD3238FC0BF00A6E8DE /* AliasLightViewController.swift */,
				881C8CD1238FBE0000A6E8DE /* AliasDarkNavigationController.swift */,
				881C8CC2238E98DA00A6E8DE /* AliasLightNavigationController.swift */,
				881C8CCF238F030600A6E8DE /* AliasTransitionSupport.swift */,
				881C8CCB238EFDB400A6E8DE /* LightStatusBarViewController.swift */,
				881C8CDE23903CD700A6E8DE /* RandomColor.swift */,
			);
			path = AliasUI;
			sourceTree = "<group>";
		};
		881C8CD9238FF37000A6E8DE /* Custom Elements */ = {
			isa = PBXGroup;
			children = (
				881C8CD7238FE82800A6E8DE /* RecordCell.swift */,
			);
			path = "Custom Elements";
			sourceTree = "<group>";
		};
		881C8CE22390454700A6E8DE /* Custom Elements */ = {
			isa = PBXGroup;
			children = (
				881C8CDC23902E4B00A6E8DE /* GameModeCollectionCell.swift */,
				881C8CDA23902D0D00A6E8DE /* GameModesTableCell.swift */,
				881C8CE0239041F000A6E8DE /* GameModes.xcassets */,
			);
			path = "Custom Elements";
			sourceTree = "<group>";
		};
		88272071238DAAC9002E8648 /* Assembly */ = {
			isa = PBXGroup;
			children = (
				881216EC2386FDFA0091B5C4 /* RootAssembly.swift */,
				881216D72386FDF90091B5C4 /* PresentationAssembly.swift */,
				881216EF2386FDFA0091B5C4 /* ServicesAssembly.swift */,
				881216C12386FDF90091B5C4 /* CoreAssembly.swift */,
			);
			path = Assembly;
			sourceTree = "<group>";
		};
		88E36F47239165C900F8F8F3 /* API */ = {
			isa = PBXGroup;
			children = (
				88E36F45239165C200F8F8F3 /* RandomWordAPI.swift */,
			);
			path = API;
			sourceTree = "<group>";
		};
		88E36F4C23917EAF00F8F8F3 /* Helpers */ = {
			isa = PBXGroup;
			children = (
				88E36F4A23917D0C00F8F8F3 /* ArrayHelper.swift */,
			);
			path = Helpers;
			sourceTree = "<group>";
		};
		88E36F4D23917EBC00F8F8F3 /* Helpers */ = {
			isa = PBXGroup;
			children = (
				88E36F4823917B8F00F8F8F3 /* StringHelper.swift */,
			);
			path = Helpers;
			sourceTree = "<group>";
		};
/* End PBXGroup section */

/* Begin PBXNativeTarget section */
		8812167B2386F3620091B5C4 /* AliasGame */ = {
			isa = PBXNativeTarget;
			buildConfigurationList = 881216992386F3630091B5C4 /* Build configuration list for PBXNativeTarget "AliasGame" */;
			buildPhases = (
				881216782386F3620091B5C4 /* Sources */,
				881216792386F3620091B5C4 /* Frameworks */,
				8812167A2386F3620091B5C4 /* Resources */,
			);
			buildRules = (
			);
			dependencies = (
			);
			name = AliasGame;
			productName = AliasGame;
			productReference = 8812167C2386F3620091B5C4 /* AliasGame.app */;
			productType = "com.apple.product-type.application";
		};
		8812168F2386F3630091B5C4 /* AliasGameTests */ = {
			isa = PBXNativeTarget;
			buildConfigurationList = 8812169C2386F3630091B5C4 /* Build configuration list for PBXNativeTarget "AliasGameTests" */;
			buildPhases = (
				8812168C2386F3630091B5C4 /* Sources */,
				8812168D2386F3630091B5C4 /* Frameworks */,
				8812168E2386F3630091B5C4 /* Resources */,
			);
			buildRules = (
			);
			dependencies = (
				881216922386F3630091B5C4 /* PBXTargetDependency */,
			);
			name = AliasGameTests;
			productName = AliasGameTests;
			productReference = 881216902386F3630091B5C4 /* AliasGameTests.xctest */;
			productType = "com.apple.product-type.bundle.unit-test";
		};
/* End PBXNativeTarget section */

/* Begin PBXProject section */
		881216742386F3620091B5C4 /* Project object */ = {
			isa = PBXProject;
			attributes = {
				LastSwiftUpdateCheck = 1020;
				LastUpgradeCheck = 1020;
				ORGANIZATIONNAME = "Андрей Зорькин";
				TargetAttributes = {
					8812167B2386F3620091B5C4 = {
						CreatedOnToolsVersion = 10.2.1;
					};
					8812168F2386F3630091B5C4 = {
						CreatedOnToolsVersion = 10.2.1;
						TestTargetID = 8812167B2386F3620091B5C4;
					};
				};
			};
			buildConfigurationList = 881216772386F3620091B5C4 /* Build configuration list for PBXProject "AliasGame" */;
			compatibilityVersion = "Xcode 9.3";
			developmentRegion = en;
			hasScannedForEncodings = 0;
			knownRegions = (
				en,
				Base,
			);
			mainGroup = 881216732386F3620091B5C4;
			productRefGroup = 8812167D2386F3620091B5C4 /* Products */;
			projectDirPath = "";
			projectRoot = "";
			targets = (
				8812167B2386F3620091B5C4 /* AliasGame */,
				8812168F2386F3630091B5C4 /* AliasGameTests */,
			);
		};
/* End PBXProject section */

/* Begin PBXResourcesBuildPhase section */
		8812167A2386F3620091B5C4 /* Resources */ = {
			isa = PBXResourcesBuildPhase;
			buildActionMask = 2147483647;
			files = (
				881C8CE1239041F000A6E8DE /* GameModes.xcassets in Resources */,
				8812168A2386F3630091B5C4 /* LaunchScreen.storyboard in Resources */,
			);
			runOnlyForDeploymentPostprocessing = 0;
		};
		8812168E2386F3630091B5C4 /* Resources */ = {
			isa = PBXResourcesBuildPhase;
			buildActionMask = 2147483647;
			files = (
			);
			runOnlyForDeploymentPostprocessing = 0;
		};
/* End PBXResourcesBuildPhase section */

/* Begin PBXSourcesBuildPhase section */
		881216782386F3620091B5C4 /* Sources */ = {
			isa = PBXSourcesBuildPhase;
			buildActionMask = 2147483647;
			files = (
				881217042386FDFA0091B5C4 /* RecordsInteractor.swift in Sources */,
				881217162386FDFA0091B5C4 /* PlayInteractor.swift in Sources */,
				8812170A2386FDFA0091B5C4 /* StartPresenter.swift in Sources */,
				88E36F4923917B8F00F8F8F3 /* StringHelper.swift in Sources */,
				881C8CDD23902E4B00A6E8DE /* GameModeCollectionCell.swift in Sources */,
				8827206B238DA561002E8648 /* GameDataSaver.swift in Sources */,
				881216F92386FDFA0091B5C4 /* CoreDataStack.swift in Sources */,
				8827206D238DA5AA002E8648 /* GameDataProvider.swift in Sources */,
				8812171D2386FDFA0091B5C4 /* ImageClassificator.swift in Sources */,
				881217192386FDFA0091B5C4 /* ServicesAssembly.swift in Sources */,
				881C8CD4238FC0BF00A6E8DE /* AliasLightViewController.swift in Sources */,
				88E36F4B23917D0C00F8F8F3 /* ArrayHelper.swift in Sources */,
				881C8CD8238FE82800A6E8DE /* RecordCell.swift in Sources */,
				881217112386FDFA0091B5C4 /* AboutPresenter.swift in Sources */,
				8812171B2386FDFA0091B5C4 /* ImageProvider.swift in Sources */,
				8812170D2386FDFA0091B5C4 /* ReservedInteractor.swift in Sources */,
				881216F72386FDFA0091B5C4 /* CoreAssembly.swift in Sources */,
				881217102386FDFA0091B5C4 /* AboutInteractor.swift in Sources */,
				881217092386FDFA0091B5C4 /* StartView.swift in Sources */,
				881217022386FDFA0091B5C4 /* RecordsPresenter.swift in Sources */,
				881216FA2386FDFA0091B5C4 /* Networking.swift in Sources */,
				881C8CCC238EFDB400A6E8DE /* LightStatusBarViewController.swift in Sources */,
				881216FB2386FDFA0091B5C4 /* MachineLearning.swift in Sources */,
				881217172386FDFA0091B5C4 /* PlayView.swift in Sources */,
				881216FE2386FDFA0091B5C4 /* SettingsInteractor.swift in Sources */,
				88E36F46239165C200F8F8F3 /* RandomWordAPI.swift in Sources */,
				881216FF2386FDFA0091B5C4 /* SettingsPresenter.swift in Sources */,
				8812171E2386FDFA0091B5C4 /* WordsProvider.swift in Sources */,
				881C8CDB23902D0D00A6E8DE /* GameModesTableCell.swift in Sources */,
				881216802386F3620091B5C4 /* AppDelegate.swift in Sources */,
				8812170C2386FDFA0091B5C4 /* ReservedView.swift in Sources */,
				881C8CC3238E98DA00A6E8DE /* AliasLightNavigationController.swift in Sources */,
				88E36F442391607D00F8F8F3 /* SafeTranslater.swift in Sources */,
				88272070238DA9F8002E8648 /* Entity.swift in Sources */,
				881C8CDF23903CD700A6E8DE /* RandomColor.swift in Sources */,
				881217182386FDFA0091B5C4 /* RootAssembly.swift in Sources */,
				8812170B2386FDFA0091B5C4 /* StartInteractor.swift in Sources */,
				8812170F2386FDFA0091B5C4 /* ReservedPresenter.swift in Sources */,
				881C8CD2238FBE0000A6E8DE /* AliasDarkNavigationController.swift in Sources */,
				881C8CD0238F030600A6E8DE /* AliasTransitionSupport.swift in Sources */,
				881217142386FDFA0091B5C4 /* PlayPresenter.swift in Sources */,
				881216FD2386FDFA0091B5C4 /* Router.swift in Sources */,
				881C8CBD238E8DBF00A6E8DE /* AliasTableViewController.swift in Sources */,
				881217072386FDFA0091B5C4 /* PresentationAssembly.swift in Sources */,
				881217012386FDFA0091B5C4 /* SettingsView.swift in Sources */,
				881217132386FDFA0091B5C4 /* AboutView.swift in Sources */,
				881217052386FDFA0091B5C4 /* RecordsView.swift in Sources */,
				881C8CC5238EDA2E00A6E8DE /* AliasDarkViewController.swift in Sources */,
			);
			runOnlyForDeploymentPostprocessing = 0;
		};
		8812168C2386F3630091B5C4 /* Sources */ = {
			isa = PBXSourcesBuildPhase;
			buildActionMask = 2147483647;
			files = (
				88E36F412391594200F8F8F3 /* SafeTranslaterTests.swift in Sources */,
			);
			runOnlyForDeploymentPostprocessing = 0;
		};
/* End PBXSourcesBuildPhase section */

/* Begin PBXTargetDependency section */
		881216922386F3630091B5C4 /* PBXTargetDependency */ = {
			isa = PBXTargetDependency;
			target = 8812167B2386F3620091B5C4 /* AliasGame */;
			targetProxy = 881216912386F3630091B5C4 /* PBXContainerItemProxy */;
		};
/* End PBXTargetDependency section */

/* Begin PBXVariantGroup section */
		881216882386F3630091B5C4 /* LaunchScreen.storyboard */ = {
			isa = PBXVariantGroup;
			children = (
				881216892386F3630091B5C4 /* Base */,
			);
			name = LaunchScreen.storyboard;
			sourceTree = "<group>";
		};
/* End PBXVariantGroup section */

/* Begin XCBuildConfiguration section */
		881216972386F3630091B5C4 /* Debug */ = {
			isa = XCBuildConfiguration;
			buildSettings = {
				ALWAYS_SEARCH_USER_PATHS = NO;
				CLANG_ANALYZER_NONNULL = YES;
				CLANG_ANALYZER_NUMBER_OBJECT_CONVERSION = YES_AGGRESSIVE;
				CLANG_CXX_LANGUAGE_STANDARD = "gnu++14";
				CLANG_CXX_LIBRARY = "libc++";
				CLANG_ENABLE_MODULES = YES;
				CLANG_ENABLE_OBJC_ARC = YES;
				CLANG_ENABLE_OBJC_WEAK = YES;
				CLANG_WARN_BLOCK_CAPTURE_AUTORELEASING = YES;
				CLANG_WARN_BOOL_CONVERSION = YES;
				CLANG_WARN_COMMA = YES;
				CLANG_WARN_CONSTANT_CONVERSION = YES;
				CLANG_WARN_DEPRECATED_OBJC_IMPLEMENTATIONS = YES;
				CLANG_WARN_DIRECT_OBJC_ISA_USAGE = YES_ERROR;
				CLANG_WARN_DOCUMENTATION_COMMENTS = YES;
				CLANG_WARN_EMPTY_BODY = YES;
				CLANG_WARN_ENUM_CONVERSION = YES;
				CLANG_WARN_INFINITE_RECURSION = YES;
				CLANG_WARN_INT_CONVERSION = YES;
				CLANG_WARN_NON_LITERAL_NULL_CONVERSION = YES;
				CLANG_WARN_OBJC_IMPLICIT_RETAIN_SELF = YES;
				CLANG_WARN_OBJC_LITERAL_CONVERSION = YES;
				CLANG_WARN_OBJC_ROOT_CLASS = YES_ERROR;
				CLANG_WARN_RANGE_LOOP_ANALYSIS = YES;
				CLANG_WARN_STRICT_PROTOTYPES = YES;
				CLANG_WARN_SUSPICIOUS_MOVE = YES;
				CLANG_WARN_UNGUARDED_AVAILABILITY = YES_AGGRESSIVE;
				CLANG_WARN_UNREACHABLE_CODE = YES;
				CLANG_WARN__DUPLICATE_METHOD_MATCH = YES;
				CODE_SIGN_IDENTITY = "iPhone Developer";
				COPY_PHASE_STRIP = NO;
				DEBUG_INFORMATION_FORMAT = dwarf;
				ENABLE_STRICT_OBJC_MSGSEND = YES;
				ENABLE_TESTABILITY = YES;
				GCC_C_LANGUAGE_STANDARD = gnu11;
				GCC_DYNAMIC_NO_PIC = NO;
				GCC_NO_COMMON_BLOCKS = YES;
				GCC_OPTIMIZATION_LEVEL = 0;
				GCC_PREPROCESSOR_DEFINITIONS = (
					"DEBUG=1",
					"$(inherited)",
				);
				GCC_WARN_64_TO_32_BIT_CONVERSION = YES;
				GCC_WARN_ABOUT_RETURN_TYPE = YES_ERROR;
				GCC_WARN_UNDECLARED_SELECTOR = YES;
				GCC_WARN_UNINITIALIZED_AUTOS = YES_AGGRESSIVE;
				GCC_WARN_UNUSED_FUNCTION = YES;
				GCC_WARN_UNUSED_VARIABLE = YES;
				MTL_ENABLE_DEBUG_INFO = INCLUDE_SOURCE;
				MTL_FAST_MATH = YES;
				ONLY_ACTIVE_ARCH = YES;
				SDKROOT = iphoneos;
				SWIFT_ACTIVE_COMPILATION_CONDITIONS = DEBUG;
				SWIFT_INSTALL_OBJC_HEADER = NO;
				SWIFT_OPTIMIZATION_LEVEL = "-Onone";
			};
			name = Debug;
		};
		881216982386F3630091B5C4 /* Release */ = {
			isa = XCBuildConfiguration;
			buildSettings = {
				ALWAYS_SEARCH_USER_PATHS = NO;
				CLANG_ANALYZER_NONNULL = YES;
				CLANG_ANALYZER_NUMBER_OBJECT_CONVERSION = YES_AGGRESSIVE;
				CLANG_CXX_LANGUAGE_STANDARD = "gnu++14";
				CLANG_CXX_LIBRARY = "libc++";
				CLANG_ENABLE_MODULES = YES;
				CLANG_ENABLE_OBJC_ARC = YES;
				CLANG_ENABLE_OBJC_WEAK = YES;
				CLANG_WARN_BLOCK_CAPTURE_AUTORELEASING = YES;
				CLANG_WARN_BOOL_CONVERSION = YES;
				CLANG_WARN_COMMA = YES;
				CLANG_WARN_CONSTANT_CONVERSION = YES;
				CLANG_WARN_DEPRECATED_OBJC_IMPLEMENTATIONS = YES;
				CLANG_WARN_DIRECT_OBJC_ISA_USAGE = YES_ERROR;
				CLANG_WARN_DOCUMENTATION_COMMENTS = YES;
				CLANG_WARN_EMPTY_BODY = YES;
				CLANG_WARN_ENUM_CONVERSION = YES;
				CLANG_WARN_INFINITE_RECURSION = YES;
				CLANG_WARN_INT_CONVERSION = YES;
				CLANG_WARN_NON_LITERAL_NULL_CONVERSION = YES;
				CLANG_WARN_OBJC_IMPLICIT_RETAIN_SELF = YES;
				CLANG_WARN_OBJC_LITERAL_CONVERSION = YES;
				CLANG_WARN_OBJC_ROOT_CLASS = YES_ERROR;
				CLANG_WARN_RANGE_LOOP_ANALYSIS = YES;
				CLANG_WARN_STRICT_PROTOTYPES = YES;
				CLANG_WARN_SUSPICIOUS_MOVE = YES;
				CLANG_WARN_UNGUARDED_AVAILABILITY = YES_AGGRESSIVE;
				CLANG_WARN_UNREACHABLE_CODE = YES;
				CLANG_WARN__DUPLICATE_METHOD_MATCH = YES;
				CODE_SIGN_IDENTITY = "iPhone Developer";
				COPY_PHASE_STRIP = NO;
				DEBUG_INFORMATION_FORMAT = "dwarf-with-dsym";
				ENABLE_NS_ASSERTIONS = NO;
				ENABLE_STRICT_OBJC_MSGSEND = YES;
				GCC_C_LANGUAGE_STANDARD = gnu11;
				GCC_NO_COMMON_BLOCKS = YES;
				GCC_WARN_64_TO_32_BIT_CONVERSION = YES;
				GCC_WARN_ABOUT_RETURN_TYPE = YES_ERROR;
				GCC_WARN_UNDECLARED_SELECTOR = YES;
				GCC_WARN_UNINITIALIZED_AUTOS = YES_AGGRESSIVE;
				GCC_WARN_UNUSED_FUNCTION = YES;
				GCC_WARN_UNUSED_VARIABLE = YES;
				MTL_ENABLE_DEBUG_INFO = NO;
				MTL_FAST_MATH = YES;
				SDKROOT = iphoneos;
				SWIFT_COMPILATION_MODE = wholemodule;
				SWIFT_DISABLE_SAFETY_CHECKS = YES;
				SWIFT_ENFORCE_EXCLUSIVE_ACCESS = off;
				SWIFT_INSTALL_OBJC_HEADER = NO;
				SWIFT_OPTIMIZATION_LEVEL = "-O";
				SWIFT_PRECOMPILE_BRIDGING_HEADER = NO;
				SWIFT_REFLECTION_METADATA_LEVEL = none;
				SWIFT_SWIFT3_OBJC_INFERENCE = Off;
				VALIDATE_PRODUCT = YES;
			};
			name = Release;
		};
		8812169A2386F3630091B5C4 /* Debug */ = {
			isa = XCBuildConfiguration;
			buildSettings = {
				CODE_SIGN_STYLE = Automatic;
				DEVELOPMENT_TEAM = 68427LK7H9;
				INFOPLIST_FILE = "AliasGame/Supporting Files/Info.plist";
				LD_RUNPATH_SEARCH_PATHS = (
					"$(inherited)",
					"@executable_path/Frameworks",
				);
				PRODUCT_BUNDLE_IDENTIFIER = zooorkin.AliasGame;
				PRODUCT_NAME = "$(TARGET_NAME)";
				SWIFT_VERSION = 5.0;
				TARGETED_DEVICE_FAMILY = "1,2";
			};
			name = Debug;
		};
		8812169B2386F3630091B5C4 /* Release */ = {
			isa = XCBuildConfiguration;
			buildSettings = {
				CODE_SIGN_STYLE = Automatic;
				DEVELOPMENT_TEAM = 68427LK7H9;
				INFOPLIST_FILE = "AliasGame/Supporting Files/Info.plist";
				LD_RUNPATH_SEARCH_PATHS = (
					"$(inherited)",
					"@executable_path/Frameworks",
				);
				PRODUCT_BUNDLE_IDENTIFIER = zooorkin.AliasGame;
				PRODUCT_NAME = "$(TARGET_NAME)";
				SWIFT_VERSION = 5.0;
				TARGETED_DEVICE_FAMILY = "1,2";
			};
			name = Release;
		};
		8812169D2386F3630091B5C4 /* Debug */ = {
			isa = XCBuildConfiguration;
			buildSettings = {
				ALWAYS_EMBED_SWIFT_STANDARD_LIBRARIES = YES;
				BUNDLE_LOADER = "$(TEST_HOST)";
				CODE_SIGN_STYLE = Automatic;
				DEVELOPMENT_TEAM = 68427LK7H9;
				INFOPLIST_FILE = AliasGameTests/Info.plist;
				LD_RUNPATH_SEARCH_PATHS = (
					"$(inherited)",
					"@executable_path/Frameworks",
					"@loader_path/Frameworks",
				);
				PRODUCT_BUNDLE_IDENTIFIER = zooorkin.AliasGameTests;
				PRODUCT_NAME = "$(TARGET_NAME)";
				SWIFT_VERSION = 5.0;
				TARGETED_DEVICE_FAMILY = "1,2";
				TEST_HOST = "$(BUILT_PRODUCTS_DIR)/AliasGame.app/AliasGame";
			};
			name = Debug;
		};
		8812169E2386F3630091B5C4 /* Release */ = {
			isa = XCBuildConfiguration;
			buildSettings = {
				ALWAYS_EMBED_SWIFT_STANDARD_LIBRARIES = YES;
				BUNDLE_LOADER = "$(TEST_HOST)";
				CODE_SIGN_STYLE = Automatic;
				DEVELOPMENT_TEAM = 68427LK7H9;
				INFOPLIST_FILE = AliasGameTests/Info.plist;
				LD_RUNPATH_SEARCH_PATHS = (
					"$(inherited)",
					"@executable_path/Frameworks",
					"@loader_path/Frameworks",
				);
				PRODUCT_BUNDLE_IDENTIFIER = zooorkin.AliasGameTests;
				PRODUCT_NAME = "$(TARGET_NAME)";
				SWIFT_VERSION = 5.0;
				TARGETED_DEVICE_FAMILY = "1,2";
				TEST_HOST = "$(BUILT_PRODUCTS_DIR)/AliasGame.app/AliasGame";
			};
			name = Release;
		};
/* End XCBuildConfiguration section */

/* Begin XCConfigurationList section */
		881216772386F3620091B5C4 /* Build configuration list for PBXProject "AliasGame" */ = {
			isa = XCConfigurationList;
			buildConfigurations = (
				881216972386F3630091B5C4 /* Debug */,
				881216982386F3630091B5C4 /* Release */,
			);
			defaultConfigurationIsVisible = 0;
			defaultConfigurationName = Release;
		};
		881216992386F3630091B5C4 /* Build configuration list for PBXNativeTarget "AliasGame" */ = {
			isa = XCConfigurationList;
			buildConfigurations = (
				8812169A2386F3630091B5C4 /* Debug */,
				8812169B2386F3630091B5C4 /* Release */,
			);
			defaultConfigurationIsVisible = 0;
			defaultConfigurationName = Release;
		};
		8812169C2386F3630091B5C4 /* Build configuration list for PBXNativeTarget "AliasGameTests" */ = {
			isa = XCConfigurationList;
			buildConfigurations = (
				8812169D2386F3630091B5C4 /* Debug */,
				8812169E2386F3630091B5C4 /* Release */,
			);
			defaultConfigurationIsVisible = 0;
			defaultConfigurationName = Release;
		};
/* End XCConfigurationList section */
	};
	rootObject = 881216742386F3620091B5C4 /* Project object */;
}
