// !$*UTF8*$!
{
	archiveVersion = 1;
	classes = {
	};
	objectVersion = 50;
	objects = {

/* Begin PBXBuildFile section */
		881216802386F3620091B5C4 /* AppDelegate.swift in Sources */ = {isa = PBXBuildFile; fileRef = 8812167F2386F3620091B5C4 /* AppDelegate.swift */; };
		881216822386F3620091B5C4 /* ViewController.swift in Sources */ = {isa = PBXBuildFile; fileRef = 881216812386F3620091B5C4 /* ViewController.swift */; };
		881216852386F3620091B5C4 /* Main.storyboard in Resources */ = {isa = PBXBuildFile; fileRef = 881216832386F3620091B5C4 /* Main.storyboard */; };
		881216872386F3630091B5C4 /* Assets.xcassets in Resources */ = {isa = PBXBuildFile; fileRef = 881216862386F3630091B5C4 /* Assets.xcassets */; };
		8812168A2386F3630091B5C4 /* LaunchScreen.storyboard in Resources */ = {isa = PBXBuildFile; fileRef = 881216882386F3630091B5C4 /* LaunchScreen.storyboard */; };
		881216952386F3630091B5C4 /* AliasGameTests.swift in Sources */ = {isa = PBXBuildFile; fileRef = 881216942386F3630091B5C4 /* AliasGameTests.swift */; };
/* End PBXBuildFile section */

/* Begin PBXContainerItemProxy section */
		881216912386F3630091B5C4 /* PBXContainerItemProxy */ = {
			isa = PBXContainerItemProxy;
			containerPortal = 881216742386F3620091B5C4 /* Project object */;
			proxyType = 1;
			remoteGlobalIDString = 8812167B2386F3620091B5C4;
			remoteInfo = AliasGame;
		};
/* End PBXContainerItemProxy section */

/* Begin PBXFileReference section */
		8812167C2386F3620091B5C4 /* AliasGame.app */ = {isa = PBXFileReference; explicitFileType = wrapper.application; includeInIndex = 0; path = AliasGame.app; sourceTree = BUILT_PRODUCTS_DIR; };
		8812167F2386F3620091B5C4 /* AppDelegate.swift */ = {isa = PBXFileReference; lastKnownFileType = sourcecode.swift; path = AppDelegate.swift; sourceTree = "<group>"; };
		881216812386F3620091B5C4 /* ViewController.swift */ = {isa = PBXFileReference; lastKnownFileType = sourcecode.swift; path = ViewController.swift; sourceTree = "<group>"; };
		881216842386F3620091B5C4 /* Base */ = {isa = PBXFileReference; lastKnownFileType = file.storyboard; name = Base; path = Base.lproj/Main.storyboard; sourceTree = "<group>"; };
		881216862386F3630091B5C4 /* Assets.xcassets */ = {isa = PBXFileReference; lastKnownFileType = folder.assetcatalog; path = Assets.xcassets; sourceTree = "<group>"; };
		881216892386F3630091B5C4 /* Base */ = {isa = PBXFileReference; lastKnownFileType = file.storyboard; name = Base; path = Base.lproj/LaunchScreen.storyboard; sourceTree = "<group>"; };
		8812168B2386F3630091B5C4 /* Info.plist */ = {isa = PBXFileReference; lastKnownFileType = text.plist.xml; path = Info.plist; sourceTree = "<group>"; };
		881216902386F3630091B5C4 /* AliasGameTests.xctest */ = {isa = PBXFileReference; explicitFileType = wrapper.cfbundle; includeInIndex = 0; path = AliasGameTests.xctest; sourceTree = BUILT_PRODUCTS_DIR; };
		881216942386F3630091B5C4 /* AliasGameTests.swift */ = {isa = PBXFileReference; lastKnownFileType = sourcecode.swift; path = AliasGameTests.swift; sourceTree = "<group>"; };
		881216962386F3630091B5C4 /* Info.plist */ = {isa = PBXFileReference; lastKnownFileType = text.plist.xml; path = Info.plist; sourceTree = "<group>"; };
/* End PBXFileReference section */

/* Begin PBXFrameworksBuildPhase section */
		881216792386F3620091B5C4 /* Frameworks */ = {
			isa = PBXFrameworksBuildPhase;
			buildActionMask = 2147483647;
			files = (
			);
			runOnlyForDeploymentPostprocessing = 0;
		};
		8812168D2386F3630091B5C4 /* Frameworks */ = {
			isa = PBXFrameworksBuildPhase;
			buildActionMask = 2147483647;
			files = (
			);
			runOnlyForDeploymentPostprocessing = 0;
		};
/* End PBXFrameworksBuildPhase section */

/* Begin PBXGroup section */
		881216732386F3620091B5C4 = {
			isa = PBXGroup;
			children = (
				8812167E2386F3620091B5C4 /* AliasGame */,
				881216932386F3630091B5C4 /* AliasGameTests */,
				8812167D2386F3620091B5C4 /* Products */,
			);
			sourceTree = "<group>";
		};
		8812167D2386F3620091B5C4 /* Products */ = {
			isa = PBXGroup;
			children = (
				8812167C2386F3620091B5C4 /* AliasGame.app */,
				881216902386F3630091B5C4 /* AliasGameTests.xctest */,
			);
			name = Products;
			sourceTree = "<group>";
		};
		8812167E2386F3620091B5C4 /* AliasGame */ = {
			isa = PBXGroup;
			children = (
				8812167F2386F3620091B5C4 /* AppDelegate.swift */,
				881216812386F3620091B5C4 /* ViewController.swift */,
				881216832386F3620091B5C4 /* Main.storyboard */,
				881216862386F3630091B5C4 /* Assets.xcassets */,
				881216882386F3630091B5C4 /* LaunchScreen.storyboard */,
				8812168B2386F3630091B5C4 /* Info.plist */,
			);
			path = AliasGame;
			sourceTree = "<group>";
		};
		881216932386F3630091B5C4 /* AliasGameTests */ = {
			isa = PBXGroup;
			children = (
				881216942386F3630091B5C4 /* AliasGameTests.swift */,
				881216962386F3630091B5C4 /* Info.plist */,
			);
			path = AliasGameTests;
			sourceTree = "<group>";
		};
/* End PBXGroup section */

/* Begin PBXNativeTarget section */
		8812167B2386F3620091B5C4 /* AliasGame */ = {
			isa = PBXNativeTarget;
			buildConfigurationList = 881216992386F3630091B5C4 /* Build configuration list for PBXNativeTarget "AliasGame" */;
			buildPhases = (
				881216782386F3620091B5C4 /* Sources */,
				881216792386F3620091B5C4 /* Frameworks */,
				8812167A2386F3620091B5C4 /* Resources */,
			);
			buildRules = (
			);
			dependencies = (
			);
			name = AliasGame;
			productName = AliasGame;
			productReference = 8812167C2386F3620091B5C4 /* AliasGame.app */;
			productType = "com.apple.product-type.application";
		};
		8812168F2386F3630091B5C4 /* AliasGameTests */ = {
			isa = PBXNativeTarget;
			buildConfigurationList = 8812169C2386F3630091B5C4 /* Build configuration list for PBXNativeTarget "AliasGameTests" */;
			buildPhases = (
				8812168C2386F3630091B5C4 /* Sources */,
				8812168D2386F3630091B5C4 /* Frameworks */,
				8812168E2386F3630091B5C4 /* Resources */,
			);
			buildRules = (
			);
			dependencies = (
				881216922386F3630091B5C4 /* PBXTargetDependency */,
			);
			name = AliasGameTests;
			productName = AliasGameTests;
			productReference = 881216902386F3630091B5C4 /* AliasGameTests.xctest */;
			productType = "com.apple.product-type.bundle.unit-test";
		};
/* End PBXNativeTarget section */

/* Begin PBXProject section */
		881216742386F3620091B5C4 /* Project object */ = {
			isa = PBXProject;
			attributes = {
				LastSwiftUpdateCheck = 1020;
				LastUpgradeCheck = 1020;
				ORGANIZATIONNAME = "Андрей Зорькин";
				TargetAttributes = {
					8812167B2386F3620091B5C4 = {
						CreatedOnToolsVersion = 10.2.1;
					};
					8812168F2386F3630091B5C4 = {
						CreatedOnToolsVersion = 10.2.1;
						TestTargetID = 8812167B2386F3620091B5C4;
					};
				};
			};
			buildConfigurationList = 881216772386F3620091B5C4 /* Build configuration list for PBXProject "AliasGame" */;
			compatibilityVersion = "Xcode 9.3";
			developmentRegion = en;
			hasScannedForEncodings = 0;
			knownRegions = (
				en,
				Base,
			);
			mainGroup = 881216732386F3620091B5C4;
			productRefGroup = 8812167D2386F3620091B5C4 /* Products */;
			projectDirPath = "";
			projectRoot = "";
			targets = (
				8812167B2386F3620091B5C4 /* AliasGame */,
				8812168F2386F3630091B5C4 /* AliasGameTests */,
			);
		};
/* End PBXProject section */

/* Begin PBXResourcesBuildPhase section */
		8812167A2386F3620091B5C4 /* Resources */ = {
			isa = PBXResourcesBuildPhase;
			buildActionMask = 2147483647;
			files = (
				8812168A2386F3630091B5C4 /* LaunchScreen.storyboard in Resources */,
				881216872386F3630091B5C4 /* Assets.xcassets in Resources */,
				881216852386F3620091B5C4 /* Main.storyboard in Resources */,
			);
			runOnlyForDeploymentPostprocessing = 0;
		};
		8812168E2386F3630091B5C4 /* Resources */ = {
			isa = PBXResourcesBuildPhase;
			buildActionMask = 2147483647;
			files = (
			);
			runOnlyForDeploymentPostprocessing = 0;
		};
/* End PBXResourcesBuildPhase section */

/* Begin PBXSourcesBuildPhase section */
		881216782386F3620091B5C4 /* Sources */ = {
			isa = PBXSourcesBuildPhase;
			buildActionMask = 2147483647;
			files = (
				881216822386F3620091B5C4 /* ViewController.swift in Sources */,
				881216802386F3620091B5C4 /* AppDelegate.swift in Sources */,
			);
			runOnlyForDeploymentPostprocessing = 0;
		};
		8812168C2386F3630091B5C4 /* Sources */ = {
			isa = PBXSourcesBuildPhase;
			buildActionMask = 2147483647;
			files = (
				881216952386F3630091B5C4 /* AliasGameTests.swift in Sources */,
			);
			runOnlyForDeploymentPostprocessing = 0;
		};
/* End PBXSourcesBuildPhase section */

/* Begin PBXTargetDependency section */
		881216922386F3630091B5C4 /* PBXTargetDependency */ = {
			isa = PBXTargetDependency;
			target = 8812167B2386F3620091B5C4 /* AliasGame */;
			targetProxy = 881216912386F3630091B5C4 /* PBXContainerItemProxy */;
		};
/* End PBXTargetDependency section */

/* Begin PBXVariantGroup section */
		881216832386F3620091B5C4 /* Main.storyboard */ = {
			isa = PBXVariantGroup;
			children = (
				881216842386F3620091B5C4 /* Base */,
			);
			name = Main.storyboard;
			sourceTree = "<group>";
		};
		881216882386F3630091B5C4 /* LaunchScreen.storyboard */ = {
			isa = PBXVariantGroup;
			children = (
				881216892386F3630091B5C4 /* Base */,
			);
			name = LaunchScreen.storyboard;
			sourceTree = "<group>";
		};
/* End PBXVariantGroup section */

/* Begin XCBuildConfiguration section */
		881216972386F3630091B5C4 /* Debug */ = {
			isa = XCBuildConfiguration;
			buildSettings = {
				ALWAYS_SEARCH_USER_PATHS = NO;
				CLANG_ANALYZER_NONNULL = YES;
				CLANG_ANALYZER_NUMBER_OBJECT_CONVERSION = YES_AGGRESSIVE;
				CLANG_CXX_LANGUAGE_STANDARD = "gnu++14";
				CLANG_CXX_LIBRARY = "libc++";
				CLANG_ENABLE_MODULES = YES;
				CLANG_ENABLE_OBJC_ARC = YES;
				CLANG_ENABLE_OBJC_WEAK = YES;
				CLANG_WARN_BLOCK_CAPTURE_AUTORELEASING = YES;
				CLANG_WARN_BOOL_CONVERSION = YES;
				CLANG_WARN_COMMA = YES;
				CLANG_WARN_CONSTANT_CONVERSION = YES;
				CLANG_WARN_DEPRECATED_OBJC_IMPLEMENTATIONS = YES;
				CLANG_WARN_DIRECT_OBJC_ISA_USAGE = YES_ERROR;
				CLANG_WARN_DOCUMENTATION_COMMENTS = YES;
				CLANG_WARN_EMPTY_BODY = YES;
				CLANG_WARN_ENUM_CONVERSION = YES;
				CLANG_WARN_INFINITE_RECURSION = YES;
				CLANG_WARN_INT_CONVERSION = YES;
				CLANG_WARN_NON_LITERAL_NULL_CONVERSION = YES;
				CLANG_WARN_OBJC_IMPLICIT_RETAIN_SELF = YES;
				CLANG_WARN_OBJC_LITERAL_CONVERSION = YES;
				CLANG_WARN_OBJC_ROOT_CLASS = YES_ERROR;
				CLANG_WARN_RANGE_LOOP_ANALYSIS = YES;
				CLANG_WARN_STRICT_PROTOTYPES = YES;
				CLANG_WARN_SUSPICIOUS_MOVE = YES;
				CLANG_WARN_UNGUARDED_AVAILABILITY = YES_AGGRESSIVE;
				CLANG_WARN_UNREACHABLE_CODE = YES;
				CLANG_WARN__DUPLICATE_METHOD_MATCH = YES;
				CODE_SIGN_IDENTITY = "iPhone Developer";
				COPY_PHASE_STRIP = NO;
				DEBUG_INFORMATION_FORMAT = dwarf;
				ENABLE_STRICT_OBJC_MSGSEND = YES;
				ENABLE_TESTABILITY = YES;
				GCC_C_LANGUAGE_STANDARD = gnu11;
				GCC_DYNAMIC_NO_PIC = NO;
				GCC_NO_COMMON_BLOCKS = YES;
				GCC_OPTIMIZATION_LEVEL = 0;
				GCC_PREPROCESSOR_DEFINITIONS = (
					"DEBUG=1",
					"$(inherited)",
				);
				GCC_WARN_64_TO_32_BIT_CONVERSION = YES;
				GCC_WARN_ABOUT_RETURN_TYPE = YES_ERROR;
				GCC_WARN_UNDECLARED_SELECTOR = YES;
				GCC_WARN_UNINITIALIZED_AUTOS = YES_AGGRESSIVE;
				GCC_WARN_UNUSED_FUNCTION = YES;
				GCC_WARN_UNUSED_VARIABLE = YES;
				IPHONEOS_DEPLOYMENT_TARGET = 12.2;
				MTL_ENABLE_DEBUG_INFO = INCLUDE_SOURCE;
				MTL_FAST_MATH = YES;
				ONLY_ACTIVE_ARCH = YES;
				SDKROOT = iphoneos;
				SWIFT_ACTIVE_COMPILATION_CONDITIONS = DEBUG;
				SWIFT_OPTIMIZATION_LEVEL = "-Onone";
			};
			name = Debug;
		};
		881216982386F3630091B5C4 /* Release */ = {
			isa = XCBuildConfiguration;
			buildSettings = {
				ALWAYS_SEARCH_USER_PATHS = NO;
				CLANG_ANALYZER_NONNULL = YES;
				CLANG_ANALYZER_NUMBER_OBJECT_CONVERSION = YES_AGGRESSIVE;
				CLANG_CXX_LANGUAGE_STANDARD = "gnu++14";
				CLANG_CXX_LIBRARY = "libc++";
				CLANG_ENABLE_MODULES = YES;
				CLANG_ENABLE_OBJC_ARC = YES;
				CLANG_ENABLE_OBJC_WEAK = YES;
				CLANG_WARN_BLOCK_CAPTURE_AUTORELEASING = YES;
				CLANG_WARN_BOOL_CONVERSION = YES;
				CLANG_WARN_COMMA = YES;
				CLANG_WARN_CONSTANT_CONVERSION = YES;
				CLANG_WARN_DEPRECATED_OBJC_IMPLEMENTATIONS = YES;
				CLANG_WARN_DIRECT_OBJC_ISA_USAGE = YES_ERROR;
				CLANG_WARN_DOCUMENTATION_COMMENTS = YES;
				CLANG_WARN_EMPTY_BODY = YES;
				CLANG_WARN_ENUM_CONVERSION = YES;
				CLANG_WARN_INFINITE_RECURSION = YES;
				CLANG_WARN_INT_CONVERSION = YES;
				CLANG_WARN_NON_LITERAL_NULL_CONVERSION = YES;
				CLANG_WARN_OBJC_IMPLICIT_RETAIN_SELF = YES;
				CLANG_WARN_OBJC_LITERAL_CONVERSION = YES;
				CLANG_WARN_OBJC_ROOT_CLASS = YES_ERROR;
				CLANG_WARN_RANGE_LOOP_ANALYSIS = YES;
				CLANG_WARN_STRICT_PROTOTYPES = YES;
				CLANG_WARN_SUSPICIOUS_MOVE = YES;
				CLANG_WARN_UNGUARDED_AVAILABILITY = YES_AGGRESSIVE;
				CLANG_WARN_UNREACHABLE_CODE = YES;
				CLANG_WARN__DUPLICATE_METHOD_MATCH = YES;
				CODE_SIGN_IDENTITY = "iPhone Developer";
				COPY_PHASE_STRIP = NO;
				DEBUG_INFORMATION_FORMAT = "dwarf-with-dsym";
				ENABLE_NS_ASSERTIONS = NO;
				ENABLE_STRICT_OBJC_MSGSEND = YES;
				GCC_C_LANGUAGE_STANDARD = gnu11;
				GCC_NO_COMMON_BLOCKS = YES;
				GCC_WARN_64_TO_32_BIT_CONVERSION = YES;
				GCC_WARN_ABOUT_RETURN_TYPE = YES_ERROR;
				GCC_WARN_UNDECLARED_SELECTOR = YES;
				GCC_WARN_UNINITIALIZED_AUTOS = YES_AGGRESSIVE;
				GCC_WARN_UNUSED_FUNCTION = YES;
				GCC_WARN_UNUSED_VARIABLE = YES;
				IPHONEOS_DEPLOYMENT_TARGET = 12.2;
				MTL_ENABLE_DEBUG_INFO = NO;
				MTL_FAST_MATH = YES;
				SDKROOT = iphoneos;
				SWIFT_COMPILATION_MODE = wholemodule;
				SWIFT_OPTIMIZATION_LEVEL = "-O";
				VALIDATE_PRODUCT = YES;
			};
			name = Release;
		};
		8812169A2386F3630091B5C4 /* Debug */ = {
			isa = XCBuildConfiguration;
			buildSettings = {
				ASSETCATALOG_COMPILER_APPICON_NAME = AppIcon;
				CODE_SIGN_STYLE = Automatic;
				DEVELOPMENT_TEAM = 68427LK7H9;
				INFOPLIST_FILE = AliasGame/Info.plist;
				LD_RUNPATH_SEARCH_PATHS = (
					"$(inherited)",
					"@executable_path/Frameworks",
				);
				PRODUCT_BUNDLE_IDENTIFIER = zooorkin.AliasGame;
				PRODUCT_NAME = "$(TARGET_NAME)";
				SWIFT_VERSION = 5.0;
				TARGETED_DEVICE_FAMILY = "1,2";
			};
			name = Debug;
		};
		8812169B2386F3630091B5C4 /* Release */ = {
			isa = XCBuildConfiguration;
			buildSettings = {
				ASSETCATALOG_COMPILER_APPICON_NAME = AppIcon;
				CODE_SIGN_STYLE = Automatic;
				DEVELOPMENT_TEAM = 68427LK7H9;
				INFOPLIST_FILE = AliasGame/Info.plist;
				LD_RUNPATH_SEARCH_PATHS = (
					"$(inherited)",
					"@executable_path/Frameworks",
				);
				PRODUCT_BUNDLE_IDENTIFIER = zooorkin.AliasGame;
				PRODUCT_NAME = "$(TARGET_NAME)";
				SWIFT_VERSION = 5.0;
				TARGETED_DEVICE_FAMILY = "1,2";
			};
			name = Release;
		};
		8812169D2386F3630091B5C4 /* Debug */ = {
			isa = XCBuildConfiguration;
			buildSettings = {
				ALWAYS_EMBED_SWIFT_STANDARD_LIBRARIES = YES;
				BUNDLE_LOADER = "$(TEST_HOST)";
				CODE_SIGN_STYLE = Automatic;
				DEVELOPMENT_TEAM = 68427LK7H9;
				INFOPLIST_FILE = AliasGameTests/Info.plist;
				LD_RUNPATH_SEARCH_PATHS = (
					"$(inherited)",
					"@executable_path/Frameworks",
					"@loader_path/Frameworks",
				);
				PRODUCT_BUNDLE_IDENTIFIER = zooorkin.AliasGameTests;
				PRODUCT_NAME = "$(TARGET_NAME)";
				SWIFT_VERSION = 5.0;
				TARGETED_DEVICE_FAMILY = "1,2";
				TEST_HOST = "$(BUILT_PRODUCTS_DIR)/AliasGame.app/AliasGame";
			};
			name = Debug;
		};
		8812169E2386F3630091B5C4 /* Release */ = {
			isa = XCBuildConfiguration;
			buildSettings = {
				ALWAYS_EMBED_SWIFT_STANDARD_LIBRARIES = YES;
				BUNDLE_LOADER = "$(TEST_HOST)";
				CODE_SIGN_STYLE = Automatic;
				DEVELOPMENT_TEAM = 68427LK7H9;
				INFOPLIST_FILE = AliasGameTests/Info.plist;
				LD_RUNPATH_SEARCH_PATHS = (
					"$(inherited)",
					"@executable_path/Frameworks",
					"@loader_path/Frameworks",
				);
				PRODUCT_BUNDLE_IDENTIFIER = zooorkin.AliasGameTests;
				PRODUCT_NAME = "$(TARGET_NAME)";
				SWIFT_VERSION = 5.0;
				TARGETED_DEVICE_FAMILY = "1,2";
				TEST_HOST = "$(BUILT_PRODUCTS_DIR)/AliasGame.app/AliasGame";
			};
			name = Release;
		};
/* End XCBuildConfiguration section */

/* Begin XCConfigurationList section */
		881216772386F3620091B5C4 /* Build configuration list for PBXProject "AliasGame" */ = {
			isa = XCConfigurationList;
			buildConfigurations = (
				881216972386F3630091B5C4 /* Debug */,
				881216982386F3630091B5C4 /* Release */,
			);
			defaultConfigurationIsVisible = 0;
			defaultConfigurationName = Release;
		};
		881216992386F3630091B5C4 /* Build configuration list for PBXNativeTarget "AliasGame" */ = {
			isa = XCConfigurationList;
			buildConfigurations = (
				8812169A2386F3630091B5C4 /* Debug */,
				8812169B2386F3630091B5C4 /* Release */,
			);
			defaultConfigurationIsVisible = 0;
			defaultConfigurationName = Release;
		};
		8812169C2386F3630091B5C4 /* Build configuration list for PBXNativeTarget "AliasGameTests" */ = {
			isa = XCConfigurationList;
			buildConfigurations = (
				8812169D2386F3630091B5C4 /* Debug */,
				8812169E2386F3630091B5C4 /* Release */,
			);
			defaultConfigurationIsVisible = 0;
			defaultConfigurationName = Release;
		};
/* End XCConfigurationList section */
	};
	rootObject = 881216742386F3620091B5C4 /* Project object */;
}
